// !$*UTF8*$!
{
	archiveVersion = 1;
	classes = {
	};
	objectVersion = 50;
	objects = {

/* Begin PBXBuildFile section */
		2270DA6420A92D2F00DB3B6C /* ZRNetworkHelper.m in Sources */ = {isa = PBXBuildFile; fileRef = 2270DA6320A92D2F00DB3B6C /* ZRNetworkHelper.m */; };
		2270DA6820A96EDB00DB3B6C /* ZRNetworkCache.m in Sources */ = {isa = PBXBuildFile; fileRef = 2270DA6720A96EDB00DB3B6C /* ZRNetworkCache.m */; };
		22A658DB20A3E88000D47BC5 /* ZRTabBarController.m in Sources */ = {isa = PBXBuildFile; fileRef = 22A658DA20A3E88000D47BC5 /* ZRTabBarController.m */; };
		22A658DE20A3E8A500D47BC5 /* ZRTabBar.m in Sources */ = {isa = PBXBuildFile; fileRef = 22A658DD20A3E8A500D47BC5 /* ZRTabBar.m */; };
		22A658E120A3E8FF00D47BC5 /* ZRTabBarButton.m in Sources */ = {isa = PBXBuildFile; fileRef = 22A658E020A3E8FF00D47BC5 /* ZRTabBarButton.m */; };
		22A658E420A3E92A00D47BC5 /* ZRBadgeValue.m in Sources */ = {isa = PBXBuildFile; fileRef = 22A658E320A3E92A00D47BC5 /* ZRBadgeValue.m */; };
		22A658EA20A3E9A100D47BC5 /* ZRConfig.m in Sources */ = {isa = PBXBuildFile; fileRef = 22A658E920A3E9A100D47BC5 /* ZRConfig.m */; };
		22A658F120A41CDD00D47BC5 /* UIView+TabBar.m in Sources */ = {isa = PBXBuildFile; fileRef = 22A658F020A41CDD00D47BC5 /* UIView+TabBar.m */; };
		22A658FA20A41D2800D47BC5 /* CAAnimation+TabBar.m in Sources */ = {isa = PBXBuildFile; fileRef = 22A658F920A41D2800D47BC5 /* CAAnimation+TabBar.m */; };
		22A658FD20A41D3C00D47BC5 /* UIColor+TabBar.m in Sources */ = {isa = PBXBuildFile; fileRef = 22A658FC20A41D3C00D47BC5 /* UIColor+TabBar.m */; };
		22AC50E72094431700A69671 /* AppDelegate.m in Sources */ = {isa = PBXBuildFile; fileRef = 22AC50E62094431700A69671 /* AppDelegate.m */; };
		22AC50EA2094431700A69671 /* ViewController.m in Sources */ = {isa = PBXBuildFile; fileRef = 22AC50E92094431700A69671 /* ViewController.m */; };
		22AC50ED2094431700A69671 /* Main.storyboard in Resources */ = {isa = PBXBuildFile; fileRef = 22AC50EB2094431700A69671 /* Main.storyboard */; };
		22AC50EF2094432100A69671 /* Assets.xcassets in Resources */ = {isa = PBXBuildFile; fileRef = 22AC50EE2094432100A69671 /* Assets.xcassets */; };
		22AC50F22094432100A69671 /* LaunchScreen.storyboard in Resources */ = {isa = PBXBuildFile; fileRef = 22AC50F02094432100A69671 /* LaunchScreen.storyboard */; };
		22AC50F52094432100A69671 /* main.m in Sources */ = {isa = PBXBuildFile; fileRef = 22AC50F42094432100A69671 /* main.m */; };
		74D9CACF265938B32B86401D /* Pods_Workspace.framework in Frameworks */ = {isa = PBXBuildFile; fileRef = 855CD9C9D1DF39BD1248C235 /* Pods_Workspace.framework */; };
/* End PBXBuildFile section */

/* Begin PBXFileReference section */
		2270DA6220A92D2F00DB3B6C /* ZRNetworkHelper.h */ = {isa = PBXFileReference; lastKnownFileType = sourcecode.c.h; path = ZRNetworkHelper.h; sourceTree = "<group>"; };
		2270DA6320A92D2F00DB3B6C /* ZRNetworkHelper.m */ = {isa = PBXFileReference; lastKnownFileType = sourcecode.c.objc; path = ZRNetworkHelper.m; sourceTree = "<group>"; };
		2270DA6520A9595400DB3B6C /* PrefixHeader.pch */ = {isa = PBXFileReference; lastKnownFileType = sourcecode.c.h; path = PrefixHeader.pch; sourceTree = "<group>"; };
		2270DA6620A96EDB00DB3B6C /* ZRNetworkCache.h */ = {isa = PBXFileReference; lastKnownFileType = sourcecode.c.h; path = ZRNetworkCache.h; sourceTree = "<group>"; };
		2270DA6720A96EDB00DB3B6C /* ZRNetworkCache.m */ = {isa = PBXFileReference; lastKnownFileType = sourcecode.c.objc; path = ZRNetworkCache.m; sourceTree = "<group>"; };
		2274BC9020A2CB8700FD966E /* ZRToolMacro.h */ = {isa = PBXFileReference; lastKnownFileType = sourcecode.c.h; path = ZRToolMacro.h; sourceTree = "<group>"; };
		2274BC9120A2E2C700FD966E /* ZRAppMacro.h */ = {isa = PBXFileReference; lastKnownFileType = sourcecode.c.h; path = ZRAppMacro.h; sourceTree = "<group>"; };
		2274BC9220A2EEC100FD966E /* Utilities.h */ = {isa = PBXFileReference; lastKnownFileType = sourcecode.c.h; path = Utilities.h; sourceTree = "<group>"; };
		2274BC9320A2EEDA00FD966E /* LibTest.h */ = {isa = PBXFileReference; lastKnownFileType = sourcecode.c.h; path = LibTest.h; sourceTree = "<group>"; };
		2274BC9420A2EEEB00FD966E /* Resource.h */ = {isa = PBXFileReference; lastKnownFileType = sourcecode.c.h; path = Resource.h; sourceTree = "<group>"; };
		22A658D920A3E88000D47BC5 /* ZRTabBarController.h */ = {isa = PBXFileReference; lastKnownFileType = sourcecode.c.h; path = ZRTabBarController.h; sourceTree = "<group>"; };
		22A658DA20A3E88000D47BC5 /* ZRTabBarController.m */ = {isa = PBXFileReference; lastKnownFileType = sourcecode.c.objc; path = ZRTabBarController.m; sourceTree = "<group>"; };
		22A658DC20A3E8A500D47BC5 /* ZRTabBar.h */ = {isa = PBXFileReference; lastKnownFileType = sourcecode.c.h; path = ZRTabBar.h; sourceTree = "<group>"; };
		22A658DD20A3E8A500D47BC5 /* ZRTabBar.m */ = {isa = PBXFileReference; lastKnownFileType = sourcecode.c.objc; path = ZRTabBar.m; sourceTree = "<group>"; };
		22A658DF20A3E8FF00D47BC5 /* ZRTabBarButton.h */ = {isa = PBXFileReference; lastKnownFileType = sourcecode.c.h; path = ZRTabBarButton.h; sourceTree = "<group>"; };
		22A658E020A3E8FF00D47BC5 /* ZRTabBarButton.m */ = {isa = PBXFileReference; lastKnownFileType = sourcecode.c.objc; path = ZRTabBarButton.m; sourceTree = "<group>"; };
		22A658E220A3E92A00D47BC5 /* ZRBadgeValue.h */ = {isa = PBXFileReference; lastKnownFileType = sourcecode.c.h; path = ZRBadgeValue.h; sourceTree = "<group>"; };
		22A658E320A3E92A00D47BC5 /* ZRBadgeValue.m */ = {isa = PBXFileReference; lastKnownFileType = sourcecode.c.objc; path = ZRBadgeValue.m; sourceTree = "<group>"; };
		22A658E820A3E9A100D47BC5 /* ZRConfig.h */ = {isa = PBXFileReference; lastKnownFileType = sourcecode.c.h; path = ZRConfig.h; sourceTree = "<group>"; };
		22A658E920A3E9A100D47BC5 /* ZRConfig.m */ = {isa = PBXFileReference; lastKnownFileType = sourcecode.c.objc; path = ZRConfig.m; sourceTree = "<group>"; };
		22A658EF20A41CDD00D47BC5 /* UIView+TabBar.h */ = {isa = PBXFileReference; lastKnownFileType = sourcecode.c.h; path = "UIView+TabBar.h"; sourceTree = "<group>"; };
		22A658F020A41CDD00D47BC5 /* UIView+TabBar.m */ = {isa = PBXFileReference; lastKnownFileType = sourcecode.c.objc; path = "UIView+TabBar.m"; sourceTree = "<group>"; };
		22A658F820A41D2800D47BC5 /* CAAnimation+TabBar.h */ = {isa = PBXFileReference; lastKnownFileType = sourcecode.c.h; path = "CAAnimation+TabBar.h"; sourceTree = "<group>"; };
		22A658F920A41D2800D47BC5 /* CAAnimation+TabBar.m */ = {isa = PBXFileReference; lastKnownFileType = sourcecode.c.objc; path = "CAAnimation+TabBar.m"; sourceTree = "<group>"; };
		22A658FB20A41D3C00D47BC5 /* UIColor+TabBar.h */ = {isa = PBXFileReference; lastKnownFileType = sourcecode.c.h; path = "UIColor+TabBar.h"; sourceTree = "<group>"; };
		22A658FC20A41D3C00D47BC5 /* UIColor+TabBar.m */ = {isa = PBXFileReference; lastKnownFileType = sourcecode.c.objc; path = "UIColor+TabBar.m"; sourceTree = "<group>"; };
		22AC50E22094431700A69671 /* Workspace.app */ = {isa = PBXFileReference; explicitFileType = wrapper.application; includeInIndex = 0; path = Workspace.app; sourceTree = BUILT_PRODUCTS_DIR; };
		22AC50E52094431700A69671 /* AppDelegate.h */ = {isa = PBXFileReference; lastKnownFileType = sourcecode.c.h; path = AppDelegate.h; sourceTree = "<group>"; };
		22AC50E62094431700A69671 /* AppDelegate.m */ = {isa = PBXFileReference; lastKnownFileType = sourcecode.c.objc; path = AppDelegate.m; sourceTree = "<group>"; };
		22AC50E82094431700A69671 /* ViewController.h */ = {isa = PBXFileReference; lastKnownFileType = sourcecode.c.h; path = ViewController.h; sourceTree = "<group>"; };
		22AC50E92094431700A69671 /* ViewController.m */ = {isa = PBXFileReference; lastKnownFileType = sourcecode.c.objc; path = ViewController.m; sourceTree = "<group>"; };
		22AC50EC2094431700A69671 /* Base */ = {isa = PBXFileReference; lastKnownFileType = file.storyboard; name = Base; path = Base.lproj/Main.storyboard; sourceTree = "<group>"; };
		22AC50EE2094432100A69671 /* Assets.xcassets */ = {isa = PBXFileReference; lastKnownFileType = folder.assetcatalog; path = Assets.xcassets; sourceTree = "<group>"; };
		22AC50F12094432100A69671 /* Base */ = {isa = PBXFileReference; lastKnownFileType = file.storyboard; name = Base; path = Base.lproj/LaunchScreen.storyboard; sourceTree = "<group>"; };
		22AC50F32094432100A69671 /* Info.plist */ = {isa = PBXFileReference; lastKnownFileType = text.plist.xml; path = Info.plist; sourceTree = "<group>"; };
		22AC50F42094432100A69671 /* main.m */ = {isa = PBXFileReference; lastKnownFileType = sourcecode.c.objc; path = main.m; sourceTree = "<group>"; };
		30CFD84FE1CC4871C4E640C0 /* Pods-Workspace.debug.xcconfig */ = {isa = PBXFileReference; includeInIndex = 1; lastKnownFileType = text.xcconfig; name = "Pods-Workspace.debug.xcconfig"; path = "Pods/Target Support Files/Pods-Workspace/Pods-Workspace.debug.xcconfig"; sourceTree = "<group>"; };
		855CD9C9D1DF39BD1248C235 /* Pods_Workspace.framework */ = {isa = PBXFileReference; explicitFileType = wrapper.framework; includeInIndex = 0; path = Pods_Workspace.framework; sourceTree = BUILT_PRODUCTS_DIR; };
		E6E3DF974CDC5616B3243A48 /* Pods-Workspace.release.xcconfig */ = {isa = PBXFileReference; includeInIndex = 1; lastKnownFileType = text.xcconfig; name = "Pods-Workspace.release.xcconfig"; path = "Pods/Target Support Files/Pods-Workspace/Pods-Workspace.release.xcconfig"; sourceTree = "<group>"; };
/* End PBXFileReference section */

/* Begin PBXFrameworksBuildPhase section */
		22AC50DF2094431700A69671 /* Frameworks */ = {
			isa = PBXFrameworksBuildPhase;
			buildActionMask = 2147483647;
			files = (
				74D9CACF265938B32B86401D /* Pods_Workspace.framework in Frameworks */,
			);
			runOnlyForDeploymentPostprocessing = 0;
		};
/* End PBXFrameworksBuildPhase section */

/* Begin PBXGroup section */
		2270DA6120A923F400DB3B6C /* HttpServer */ = {
			isa = PBXGroup;
			children = (
				2270DA6220A92D2F00DB3B6C /* ZRNetworkHelper.h */,
				2270DA6320A92D2F00DB3B6C /* ZRNetworkHelper.m */,
				2270DA6620A96EDB00DB3B6C /* ZRNetworkCache.h */,
				2270DA6720A96EDB00DB3B6C /* ZRNetworkCache.m */,
			);
			path = HttpServer;
			sourceTree = "<group>";
		};
		2274BC8520A2C34A00FD966E /* Lib */ = {
			isa = PBXGroup;
			children = (
				2274BC9320A2EEDA00FD966E /* LibTest.h */,
			);
			path = Lib;
			sourceTree = "<group>";
		};
		2274BC8620A2C35100FD966E /* Utilities */ = {
			isa = PBXGroup;
			children = (
				2274BC9220A2EEC100FD966E /* Utilities.h */,
			);
			path = Utilities;
			sourceTree = "<group>";
		};
		2274BC8720A2C39300FD966E /* Resource */ = {
			isa = PBXGroup;
			children = (
				2274BC9420A2EEEB00FD966E /* Resource.h */,
			);
			path = Resource;
			sourceTree = "<group>";
		};
		2274BC8820A2C3E300FD966E /* Other */ = {
			isa = PBXGroup;
			children = (
				22AC50EB2094431700A69671 /* Main.storyboard */,
				22AC50F02094432100A69671 /* LaunchScreen.storyboard */,
				22AC50F32094432100A69671 /* Info.plist */,
				22AC50F42094432100A69671 /* main.m */,
				2270DA6520A9595400DB3B6C /* PrefixHeader.pch */,
			);
			path = Other;
			sourceTree = "<group>";
		};
		2274BC8920A2C3EB00FD966E /* Macro */ = {
			isa = PBXGroup;
			children = (
				2274BC9020A2CB8700FD966E /* ZRToolMacro.h */,
				2274BC9120A2E2C700FD966E /* ZRAppMacro.h */,
			);
			path = Macro;
			sourceTree = "<group>";
		};
		2274BC8A20A2C41D00FD966E /* AppDelegate */ = {
			isa = PBXGroup;
			children = (
				22AC50E52094431700A69671 /* AppDelegate.h */,
				22AC50E62094431700A69671 /* AppDelegate.m */,
			);
			path = AppDelegate;
			sourceTree = "<group>";
		};
		2274BC8B20A2C42E00FD966E /* Module */ = {
			isa = PBXGroup;
			children = (
				22AC50E82094431700A69671 /* ViewController.h */,
				22AC50E92094431700A69671 /* ViewController.m */,
			);
			path = Module;
			sourceTree = "<group>";
		};
		22A658D820A3E81900D47BC5 /* TabBar */ = {
			isa = PBXGroup;
			children = (
				22A658EB20A41A6C00D47BC5 /* Utility */,
				22A658D920A3E88000D47BC5 /* ZRTabBarController.h */,
				22A658DA20A3E88000D47BC5 /* ZRTabBarController.m */,
				22A658DC20A3E8A500D47BC5 /* ZRTabBar.h */,
				22A658DD20A3E8A500D47BC5 /* ZRTabBar.m */,
				22A658DF20A3E8FF00D47BC5 /* ZRTabBarButton.h */,
				22A658E020A3E8FF00D47BC5 /* ZRTabBarButton.m */,
				22A658E220A3E92A00D47BC5 /* ZRBadgeValue.h */,
				22A658E320A3E92A00D47BC5 /* ZRBadgeValue.m */,
				22A658E820A3E9A100D47BC5 /* ZRConfig.h */,
				22A658E920A3E9A100D47BC5 /* ZRConfig.m */,
			);
			path = TabBar;
			sourceTree = "<group>";
		};
		22A658EB20A41A6C00D47BC5 /* Utility */ = {
			isa = PBXGroup;
			children = (
				22A658EF20A41CDD00D47BC5 /* UIView+TabBar.h */,
				22A658F020A41CDD00D47BC5 /* UIView+TabBar.m */,
				22A658FB20A41D3C00D47BC5 /* UIColor+TabBar.h */,
				22A658FC20A41D3C00D47BC5 /* UIColor+TabBar.m */,
				22A658F820A41D2800D47BC5 /* CAAnimation+TabBar.h */,
				22A658F920A41D2800D47BC5 /* CAAnimation+TabBar.m */,
			);
			path = Utility;
			sourceTree = "<group>";
		};
		22AC50D92094431700A69671 = {
			isa = PBXGroup;
			children = (
				22AC50E42094431700A69671 /* Workspace */,
				22AC50EE2094432100A69671 /* Assets.xcassets */,
				22AC50E32094431700A69671 /* Products */,
				514AAF3362230BD3701CBAD7 /* Pods */,
				883640A073DFEA83147B2274 /* Frameworks */,
			);
			sourceTree = "<group>";
		};
		22AC50E32094431700A69671 /* Products */ = {
			isa = PBXGroup;
			children = (
				22AC50E22094431700A69671 /* Workspace.app */,
			);
			name = Products;
			sourceTree = "<group>";
		};
		22AC50E42094431700A69671 /* Workspace */ = {
			isa = PBXGroup;
			children = (
				2274BC8A20A2C41D00FD966E /* AppDelegate */,
				2274BC8B20A2C42E00FD966E /* Module */,
				22A658D820A3E81900D47BC5 /* TabBar */,
				2270DA6120A923F400DB3B6C /* HttpServer */,
				2274BC8920A2C3EB00FD966E /* Macro */,
				2274BC8620A2C35100FD966E /* Utilities */,
				2274BC8520A2C34A00FD966E /* Lib */,
				2274BC8720A2C39300FD966E /* Resource */,
				2274BC8820A2C3E300FD966E /* Other */,
			);
			path = Workspace;
			sourceTree = "<group>";
		};
		514AAF3362230BD3701CBAD7 /* Pods */ = {
			isa = PBXGroup;
			children = (
				30CFD84FE1CC4871C4E640C0 /* Pods-Workspace.debug.xcconfig */,
				E6E3DF974CDC5616B3243A48 /* Pods-Workspace.release.xcconfig */,
			);
			name = Pods;
			sourceTree = "<group>";
		};
		883640A073DFEA83147B2274 /* Frameworks */ = {
			isa = PBXGroup;
			children = (
				855CD9C9D1DF39BD1248C235 /* Pods_Workspace.framework */,
			);
			name = Frameworks;
			sourceTree = "<group>";
		};
/* End PBXGroup section */

/* Begin PBXNativeTarget section */
		22AC50E12094431700A69671 /* Workspace */ = {
			isa = PBXNativeTarget;
			buildConfigurationList = 22AC50F82094432100A69671 /* Build configuration list for PBXNativeTarget "Workspace" */;
			buildPhases = (
				17CFFFEF4A701AF48570F84E /* [CP] Check Pods Manifest.lock */,
				22AC50DE2094431700A69671 /* Sources */,
				22AC50DF2094431700A69671 /* Frameworks */,
				22AC50E02094431700A69671 /* Resources */,
				84BD83CD391564E8ABD6AC40 /* [CP] Embed Pods Frameworks */,
			);
			buildRules = (
			);
			dependencies = (
			);
			name = Workspace;
			productName = Workspace;
			productReference = 22AC50E22094431700A69671 /* Workspace.app */;
			productType = "com.apple.product-type.application";
		};
/* End PBXNativeTarget section */

/* Begin PBXProject section */
		22AC50DA2094431700A69671 /* Project object */ = {
			isa = PBXProject;
			attributes = {
				CLASSPREFIX = ZR;
				LastUpgradeCheck = 0930;
				ORGANIZATIONNAME = zhang;
				TargetAttributes = {
					22AC50E12094431700A69671 = {
						CreatedOnToolsVersion = 9.3;
					};
				};
			};
			buildConfigurationList = 22AC50DD2094431700A69671 /* Build configuration list for PBXProject "Workspace" */;
			compatibilityVersion = "Xcode 9.3";
			developmentRegion = en;
			hasScannedForEncodings = 0;
			knownRegions = (
				en,
				Base,
			);
			mainGroup = 22AC50D92094431700A69671;
			productRefGroup = 22AC50E32094431700A69671 /* Products */;
			projectDirPath = "";
			projectRoot = "";
			targets = (
				22AC50E12094431700A69671 /* Workspace */,
			);
		};
/* End PBXProject section */

/* Begin PBXResourcesBuildPhase section */
		22AC50E02094431700A69671 /* Resources */ = {
			isa = PBXResourcesBuildPhase;
			buildActionMask = 2147483647;
			files = (
				22AC50F22094432100A69671 /* LaunchScreen.storyboard in Resources */,
				22AC50EF2094432100A69671 /* Assets.xcassets in Resources */,
				22AC50ED2094431700A69671 /* Main.storyboard in Resources */,
			);
			runOnlyForDeploymentPostprocessing = 0;
		};
/* End PBXResourcesBuildPhase section */

/* Begin PBXShellScriptBuildPhase section */
		17CFFFEF4A701AF48570F84E /* [CP] Check Pods Manifest.lock */ = {
			isa = PBXShellScriptBuildPhase;
			buildActionMask = 2147483647;
			files = (
			);
			inputPaths = (
				"${PODS_PODFILE_DIR_PATH}/Podfile.lock",
				"${PODS_ROOT}/Manifest.lock",
			);
			name = "[CP] Check Pods Manifest.lock";
			outputPaths = (
				"$(DERIVED_FILE_DIR)/Pods-Workspace-checkManifestLockResult.txt",
			);
			runOnlyForDeploymentPostprocessing = 0;
			shellPath = /bin/sh;
			shellScript = "diff \"${PODS_PODFILE_DIR_PATH}/Podfile.lock\" \"${PODS_ROOT}/Manifest.lock\" > /dev/null\nif [ $? != 0 ] ; then\n    # print error to STDERR\n    echo \"error: The sandbox is not in sync with the Podfile.lock. Run 'pod install' or update your CocoaPods installation.\" >&2\n    exit 1\nfi\n# This output is used by Xcode 'outputs' to avoid re-running this script phase.\necho \"SUCCESS\" > \"${SCRIPT_OUTPUT_FILE_0}\"\n";
			showEnvVarsInLog = 0;
		};
		84BD83CD391564E8ABD6AC40 /* [CP] Embed Pods Frameworks */ = {
			isa = PBXShellScriptBuildPhase;
			buildActionMask = 2147483647;
			files = (
			);
			inputPaths = (
				"${SRCROOT}/Pods/Target Support Files/Pods-Workspace/Pods-Workspace-frameworks.sh",
				"${BUILT_PRODUCTS_DIR}/AFNetworking/AFNetworking.framework",
				"${BUILT_PRODUCTS_DIR}/DACircularProgress/DACircularProgress.framework",
				"${BUILT_PRODUCTS_DIR}/IQKeyboardManager/IQKeyboardManager.framework",
				"${BUILT_PRODUCTS_DIR}/MBProgressHUD/MBProgressHUD.framework",
				"${BUILT_PRODUCTS_DIR}/MJExtension/MJExtension.framework",
				"${BUILT_PRODUCTS_DIR}/MJRefresh/MJRefresh.framework",
				"${BUILT_PRODUCTS_DIR}/Masonry/Masonry.framework",
				"${BUILT_PRODUCTS_DIR}/SDWebImage/SDWebImage.framework",
				"${BUILT_PRODUCTS_DIR}/SVProgressHUD/SVProgressHUD.framework",
				"${BUILT_PRODUCTS_DIR}/YYCache/YYCache.framework",
			);
			name = "[CP] Embed Pods Frameworks";
			outputPaths = (
				"${TARGET_BUILD_DIR}/${FRAMEWORKS_FOLDER_PATH}/AFNetworking.framework",
				"${TARGET_BUILD_DIR}/${FRAMEWORKS_FOLDER_PATH}/DACircularProgress.framework",
				"${TARGET_BUILD_DIR}/${FRAMEWORKS_FOLDER_PATH}/IQKeyboardManager.framework",
				"${TARGET_BUILD_DIR}/${FRAMEWORKS_FOLDER_PATH}/MBProgressHUD.framework",
				"${TARGET_BUILD_DIR}/${FRAMEWORKS_FOLDER_PATH}/MJExtension.framework",
				"${TARGET_BUILD_DIR}/${FRAMEWORKS_FOLDER_PATH}/MJRefresh.framework",
				"${TARGET_BUILD_DIR}/${FRAMEWORKS_FOLDER_PATH}/Masonry.framework",
				"${TARGET_BUILD_DIR}/${FRAMEWORKS_FOLDER_PATH}/SDWebImage.framework",
				"${TARGET_BUILD_DIR}/${FRAMEWORKS_FOLDER_PATH}/SVProgressHUD.framework",
				"${TARGET_BUILD_DIR}/${FRAMEWORKS_FOLDER_PATH}/YYCache.framework",
			);
			runOnlyForDeploymentPostprocessing = 0;
			shellPath = /bin/sh;
			shellScript = "\"${SRCROOT}/Pods/Target Support Files/Pods-Workspace/Pods-Workspace-frameworks.sh\"\n";
			showEnvVarsInLog = 0;
		};
/* End PBXShellScriptBuildPhase section */

/* Begin PBXSourcesBuildPhase section */
		22AC50DE2094431700A69671 /* Sources */ = {
			isa = PBXSourcesBuildPhase;
			buildActionMask = 2147483647;
			files = (
				2270DA6420A92D2F00DB3B6C /* ZRNetworkHelper.m in Sources */,
				22AC50EA2094431700A69671 /* ViewController.m in Sources */,
				22AC50F52094432100A69671 /* main.m in Sources */,
				22AC50E72094431700A69671 /* AppDelegate.m in Sources */,
				22A658DE20A3E8A500D47BC5 /* ZRTabBar.m in Sources */,
				22A658DB20A3E88000D47BC5 /* ZRTabBarController.m in Sources */,
				22A658E120A3E8FF00D47BC5 /* ZRTabBarButton.m in Sources */,
				22A658FD20A41D3C00D47BC5 /* UIColor+TabBar.m in Sources */,
				22A658F120A41CDD00D47BC5 /* UIView+TabBar.m in Sources */,
				2270DA6820A96EDB00DB3B6C /* ZRNetworkCache.m in Sources */,
				22A658E420A3E92A00D47BC5 /* ZRBadgeValue.m in Sources */,
				22A658FA20A41D2800D47BC5 /* CAAnimation+TabBar.m in Sources */,
				22A658EA20A3E9A100D47BC5 /* ZRConfig.m in Sources */,
			);
			runOnlyForDeploymentPostprocessing = 0;
		};
/* End PBXSourcesBuildPhase section */

/* Begin PBXVariantGroup section */
		22AC50EB2094431700A69671 /* Main.storyboard */ = {
			isa = PBXVariantGroup;
			children = (
				22AC50EC2094431700A69671 /* Base */,
			);
			name = Main.storyboard;
			sourceTree = "<group>";
		};
		22AC50F02094432100A69671 /* LaunchScreen.storyboard */ = {
			isa = PBXVariantGroup;
			children = (
				22AC50F12094432100A69671 /* Base */,
			);
			name = LaunchScreen.storyboard;
			sourceTree = "<group>";
		};
/* End PBXVariantGroup section */

/* Begin XCBuildConfiguration section */
		22AC50F62094432100A69671 /* Debug */ = {
			isa = XCBuildConfiguration;
			buildSettings = {
				ALWAYS_SEARCH_USER_PATHS = NO;
				CLANG_ANALYZER_NONNULL = YES;
				CLANG_ANALYZER_NUMBER_OBJECT_CONVERSION = YES_AGGRESSIVE;
				CLANG_CXX_LANGUAGE_STANDARD = "gnu++14";
				CLANG_CXX_LIBRARY = "libc++";
				CLANG_ENABLE_MODULES = YES;
				CLANG_ENABLE_OBJC_ARC = YES;
				CLANG_ENABLE_OBJC_WEAK = YES;
				CLANG_WARN_BLOCK_CAPTURE_AUTORELEASING = YES;
				CLANG_WARN_BOOL_CONVERSION = YES;
				CLANG_WARN_COMMA = YES;
				CLANG_WARN_CONSTANT_CONVERSION = YES;
				CLANG_WARN_DEPRECATED_OBJC_IMPLEMENTATIONS = YES;
				CLANG_WARN_DIRECT_OBJC_ISA_USAGE = YES_ERROR;
				CLANG_WARN_DOCUMENTATION_COMMENTS = YES;
				CLANG_WARN_EMPTY_BODY = YES;
				CLANG_WARN_ENUM_CONVERSION = YES;
				CLANG_WARN_INFINITE_RECURSION = YES;
				CLANG_WARN_INT_CONVERSION = YES;
				CLANG_WARN_NON_LITERAL_NULL_CONVERSION = YES;
				CLANG_WARN_OBJC_IMPLICIT_RETAIN_SELF = YES;
				CLANG_WARN_OBJC_LITERAL_CONVERSION = YES;
				CLANG_WARN_OBJC_ROOT_CLASS = YES_ERROR;
				CLANG_WARN_RANGE_LOOP_ANALYSIS = YES;
				CLANG_WARN_STRICT_PROTOTYPES = YES;
				CLANG_WARN_SUSPICIOUS_MOVE = YES;
				CLANG_WARN_UNGUARDED_AVAILABILITY = YES_AGGRESSIVE;
				CLANG_WARN_UNREACHABLE_CODE = YES;
				CLANG_WARN__DUPLICATE_METHOD_MATCH = YES;
				CODE_SIGN_IDENTITY = "iPhone Developer";
				COPY_PHASE_STRIP = NO;
				DEBUG_INFORMATION_FORMAT = dwarf;
				ENABLE_STRICT_OBJC_MSGSEND = YES;
				ENABLE_TESTABILITY = YES;
				GCC_C_LANGUAGE_STANDARD = gnu11;
				GCC_DYNAMIC_NO_PIC = NO;
				GCC_NO_COMMON_BLOCKS = YES;
				GCC_OPTIMIZATION_LEVEL = 0;
				GCC_PREPROCESSOR_DEFINITIONS = (
					"DEBUG=1",
					"$(inherited)",
				);
				GCC_WARN_64_TO_32_BIT_CONVERSION = YES;
				GCC_WARN_ABOUT_RETURN_TYPE = YES_ERROR;
				GCC_WARN_UNDECLARED_SELECTOR = YES;
				GCC_WARN_UNINITIALIZED_AUTOS = YES_AGGRESSIVE;
				GCC_WARN_UNUSED_FUNCTION = YES;
				GCC_WARN_UNUSED_VARIABLE = YES;
				IPHONEOS_DEPLOYMENT_TARGET = 11.3;
				MTL_ENABLE_DEBUG_INFO = YES;
				ONLY_ACTIVE_ARCH = YES;
				SDKROOT = iphoneos;
			};
			name = Debug;
		};
		22AC50F72094432100A69671 /* Release */ = {
			isa = XCBuildConfiguration;
			buildSettings = {
				ALWAYS_SEARCH_USER_PATHS = NO;
				CLANG_ANALYZER_NONNULL = YES;
				CLANG_ANALYZER_NUMBER_OBJECT_CONVERSION = YES_AGGRESSIVE;
				CLANG_CXX_LANGUAGE_STANDARD = "gnu++14";
				CLANG_CXX_LIBRARY = "libc++";
				CLANG_ENABLE_MODULES = YES;
				CLANG_ENABLE_OBJC_ARC = YES;
				CLANG_ENABLE_OBJC_WEAK = YES;
				CLANG_WARN_BLOCK_CAPTURE_AUTORELEASING = YES;
				CLANG_WARN_BOOL_CONVERSION = YES;
				CLANG_WARN_COMMA = YES;
				CLANG_WARN_CONSTANT_CONVERSION = YES;
				CLANG_WARN_DEPRECATED_OBJC_IMPLEMENTATIONS = YES;
				CLANG_WARN_DIRECT_OBJC_ISA_USAGE = YES_ERROR;
				CLANG_WARN_DOCUMENTATION_COMMENTS = YES;
				CLANG_WARN_EMPTY_BODY = YES;
				CLANG_WARN_ENUM_CONVERSION = YES;
				CLANG_WARN_INFINITE_RECURSION = YES;
				CLANG_WARN_INT_CONVERSION = YES;
				CLANG_WARN_NON_LITERAL_NULL_CONVERSION = YES;
				CLANG_WARN_OBJC_IMPLICIT_RETAIN_SELF = YES;
				CLANG_WARN_OBJC_LITERAL_CONVERSION = YES;
				CLANG_WARN_OBJC_ROOT_CLASS = YES_ERROR;
				CLANG_WARN_RANGE_LOOP_ANALYSIS = YES;
				CLANG_WARN_STRICT_PROTOTYPES = YES;
				CLANG_WARN_SUSPICIOUS_MOVE = YES;
				CLANG_WARN_UNGUARDED_AVAILABILITY = YES_AGGRESSIVE;
				CLANG_WARN_UNREACHABLE_CODE = YES;
				CLANG_WARN__DUPLICATE_METHOD_MATCH = YES;
				CODE_SIGN_IDENTITY = "iPhone Developer";
				COPY_PHASE_STRIP = NO;
				DEBUG_INFORMATION_FORMAT = "dwarf-with-dsym";
				ENABLE_NS_ASSERTIONS = NO;
				ENABLE_STRICT_OBJC_MSGSEND = YES;
				GCC_C_LANGUAGE_STANDARD = gnu11;
				GCC_NO_COMMON_BLOCKS = YES;
				GCC_WARN_64_TO_32_BIT_CONVERSION = YES;
				GCC_WARN_ABOUT_RETURN_TYPE = YES_ERROR;
				GCC_WARN_UNDECLARED_SELECTOR = YES;
				GCC_WARN_UNINITIALIZED_AUTOS = YES_AGGRESSIVE;
				GCC_WARN_UNUSED_FUNCTION = YES;
				GCC_WARN_UNUSED_VARIABLE = YES;
				IPHONEOS_DEPLOYMENT_TARGET = 11.3;
				MTL_ENABLE_DEBUG_INFO = NO;
				SDKROOT = iphoneos;
				VALIDATE_PRODUCT = YES;
			};
			name = Release;
		};
		22AC50F92094432100A69671 /* Debug */ = {
			isa = XCBuildConfiguration;
			baseConfigurationReference = 30CFD84FE1CC4871C4E640C0 /* Pods-Workspace.debug.xcconfig */;
			buildSettings = {
				ASSETCATALOG_COMPILER_APPICON_NAME = AppIcon;
				CODE_SIGN_STYLE = Manual;
				DEVELOPMENT_TEAM = "";
				GCC_PREFIX_HEADER = "$(SRCROOT)/Workspace/Other/PrefixHeader.pch";
				INFOPLIST_FILE = "$(SRCROOT)/Workspace/Other/Info.plist";
				IPHONEOS_DEPLOYMENT_TARGET = 8.0;
				LD_RUNPATH_SEARCH_PATHS = "$(inherited) @executable_path/Frameworks";
				PRODUCT_BUNDLE_IDENTIFIER = com.zhang.Workspace;
				PRODUCT_NAME = "$(TARGET_NAME)";
				PROVISIONING_PROFILE_SPECIFIER = "";
				TARGETED_DEVICE_FAMILY = "1,2";
			};
			name = Debug;
		};
		22AC50FA2094432100A69671 /* Release */ = {
			isa = XCBuildConfiguration;
			baseConfigurationReference = E6E3DF974CDC5616B3243A48 /* Pods-Workspace.release.xcconfig */;
			buildSettings = {
				ASSETCATALOG_COMPILER_APPICON_NAME = AppIcon;
				CODE_SIGN_STYLE = Manual;
				DEVELOPMENT_TEAM = "";
				GCC_PREFIX_HEADER = "$(SRCROOT)/Workspace/Other/PrefixHeader.pch";
				INFOPLIST_FILE = "$(SRCROOT)/Workspace/Other/Info.plist";
				IPHONEOS_DEPLOYMENT_TARGET = 8.0;
				LD_RUNPATH_SEARCH_PATHS = "$(inherited) @executable_path/Frameworks";
				PRODUCT_BUNDLE_IDENTIFIER = com.zhang.Workspace;
				PRODUCT_NAME = "$(TARGET_NAME)";
				PROVISIONING_PROFILE_SPECIFIER = "";
				TARGETED_DEVICE_FAMILY = "1,2";
			};
			name = Release;
		};
/* End XCBuildConfiguration section */

/* Begin XCConfigurationList section */
		22AC50DD2094431700A69671 /* Build configuration list for PBXProject "Workspace" */ = {
			isa = XCConfigurationList;
			buildConfigurations = (
				22AC50F62094432100A69671 /* Debug */,
				22AC50F72094432100A69671 /* Release */,
			);
			defaultConfigurationIsVisible = 0;
			defaultConfigurationName = Release;
		};
		22AC50F82094432100A69671 /* Build configuration list for PBXNativeTarget "Workspace" */ = {
			isa = XCConfigurationList;
			buildConfigurations = (
				22AC50F92094432100A69671 /* Debug */,
				22AC50FA2094432100A69671 /* Release */,
			);
			defaultConfigurationIsVisible = 0;
			defaultConfigurationName = Release;
		};
/* End XCConfigurationList section */
	};
	rootObject = 22AC50DA2094431700A69671 /* Project object */;
}
